
Microsoft Visual Studio Solution File, Format Version 12.00
# Visual Studio Version 17
VisualStudioVersion = 17.1.32210.238
MinimumVisualStudioVersion = 10.0.40219.1
Project("{FAE04EC0-301F-11D3-BF4B-00C04F79EFBC}") = "BlazorFullStackCrud.Server", "BlazorFullStackCrud\Server\BlazorFullStackCrud.Server.csproj", "{3C005FC3-A7B5-4510-A1C7-1E60308D274D}"
EndProject
Project("{FAE04EC0-301F-11D3-BF4B-00C04F79EFBC}") = "BlazorFullStackCrud.Client", "BlazorFullStackCrud\Client\BlazorFullStackCrud.Client.csproj", "{6BFB193E-C003-4AB3-ABE7-D947493A955D}"
EndProject
Project("{FAE04EC0-301F-11D3-BF4B-00C04F79EFBC}") = "BlazorFullStackCrud.Shared", "BlazorFullStackCrud\Shared\BlazorFullStackCrud.Shared.csproj", "{788694EB-88F1-407F-BDC8-39F31FE1059E}"
EndProject
Global
	GlobalSection(SolutionConfigurationPlatforms) = preSolution
		Debug|Any CPU = Debug|Any CPU
		Release|Any CPU = Release|Any CPU
	EndGlobalSection
	GlobalSection(ProjectConfigurationPlatforms) = postSolution
		{3C005FC3-A7B5-4510-A1C7-1E60308D274D}.Debug|Any CPU.ActiveCfg = Debug|Any CPU
		{3C005FC3-A7B5-4510-A1C7-1E60308D274D}.Debug|Any CPU.Build.0 = Debug|Any CPU
		{3C005FC3-A7B5-4510-A1C7-1E60308D274D}.Release|Any CPU.ActiveCfg = Release|Any CPU
		{3C005FC3-A7B5-4510-A1C7-1E60308D274D}.Release|Any CPU.Build.0 = Release|Any CPU
		{6BFB193E-C003-4AB3-ABE7-D947493A955D}.Debug|Any CPU.ActiveCfg = Debug|Any CPU
		{6BFB193E-C003-4AB3-ABE7-D947493A955D}.Debug|Any CPU.Build.0 = Debug|Any CPU
		{6BFB193E-C003-4AB3-ABE7-D947493A955D}.Release|Any CPU.ActiveCfg = Release|Any CPU
		{6BFB193E-C003-4AB3-ABE7-D947493A955D}.Release|Any CPU.Build.0 = Release|Any CPU
		{788694EB-88F1-407F-BDC8-39F31FE1059E}.Debug|Any CPU.ActiveCfg = Debug|Any CPU
		{788694EB-88F1-407F-BDC8-39F31FE1059E}.Debug|Any CPU.Build.0 = Debug|Any CPU
		{788694EB-88F1-407F-BDC8-39F31FE1059E}.Release|Any CPU.ActiveCfg = Release|Any CPU
		{788694EB-88F1-407F-BDC8-39F31FE1059E}.Release|Any CPU.Build.0 = Release|Any CPU
	EndGlobalSection
	GlobalSection(SolutionProperties) = preSolution
		HideSolutionNode = FALSE
	EndGlobalSection
	GlobalSection(ExtensibilityGlobals) = postSolution
		SolutionGuid = {0E848475-76B6-4D3C-A845-BC0C8D7D392F}
	EndGlobalSection
EndGlobal
